{
  "name": "winefinder2",
  "version": "1.0.0",
  "lockfileVersion": 3,
  "requires": true,
  "packages": {
    "": {
      "name": "winefinder2",
      "version": "1.0.0",
      "license": "ISC",
      "dependencies": {
        "remix-auth": "^3.6.0"
      }
    },
    "node_modules/@remix-run/react": {
      "version": "2.3.0",
      "resolved": "https://registry.npmjs.org/@remix-run/react/-/react-2.3.0.tgz",
      "integrity": "sha512-8sLgNw0wbNx0Gir0CKCqJVlQ8ipKMvTfUAY/sra/jiAkUSztz1HuGXNTV+4yrP9786puiMp9mB+bJqD32SAEPg==",
      "peer": true,
      "dependencies": {
        "@remix-run/router": "1.12.0",
        "@remix-run/server-runtime": "2.3.0",
        "react-router-dom": "6.19.0"
      },
      "engines": {
        "node": ">=18.0.0"
      },
      "peerDependencies": {
        "react": "^18.0.0",
        "react-dom": "^18.0.0",
        "typescript": "^5.1.0"
      },
      "peerDependenciesMeta": {
        "typescript": {
          "optional": true
        }
      }
    },
    "node_modules/@remix-run/router": {
      "version": "1.12.0",
      "resolved": "https://registry.npmjs.org/@remix-run/router/-/router-1.12.0.tgz",
      "integrity": "sha512-2hXv036Bux90e1GXTWSMfNzfDDK8LA8JYEWfyHxzvwdp6GyoWEovKc9cotb3KCKmkdwsIBuFGX7ScTWyiHv7Eg==",
      "peer": true,
      "engines": {
        "node": ">=14.0.0"
      }
    },
    "node_modules/@remix-run/server-runtime": {
      "version": "2.3.0",
      "resolved": "https://registry.npmjs.org/@remix-run/server-runtime/-/server-runtime-2.3.0.tgz",
      "integrity": "sha512-9BiRK7VPm5nt/aOlRmeROXWA8HKgqjvQy+f9NNpqvf3jj62EUl0h4eUdyqRj6nNh44I+0XUBG7ZQ2xXTrGJATw==",
      "peer": true,
      "dependencies": {
        "@remix-run/router": "1.12.0",
        "@types/cookie": "^0.5.3",
        "@web3-storage/multipart-parser": "^1.0.0",
        "cookie": "^0.5.0",
        "set-cookie-parser": "^2.4.8",
        "source-map": "^0.7.3"
      },
      "engines": {
        "node": ">=18.0.0"
      },
      "peerDependencies": {
        "typescript": "^5.1.0"
      },
      "peerDependenciesMeta": {
        "typescript": {
          "optional": true
        }
      }
    },
    "node_modules/@types/cookie": {
      "version": "0.5.4",
      "resolved": "https://registry.npmjs.org/@types/cookie/-/cookie-0.5.4.tgz",
      "integrity": "sha512-7z/eR6O859gyWIAjuvBWFzNURmf2oPBmJlfVWkwehU5nzIyjwBsTh7WMmEEV4JFnHuQ3ex4oyTvfKzcyJVDBNA==",
      "peer": true
    },
    "node_modules/@web3-storage/multipart-parser": {
      "version": "1.0.0",
      "resolved": "https://registry.npmjs.org/@web3-storage/multipart-parser/-/multipart-parser-1.0.0.tgz",
      "integrity": "sha512-BEO6al7BYqcnfX15W2cnGR+Q566ACXAT9UQykORCWW80lmkpWsnEob6zJS1ZVBKsSJC8+7vJkHwlp+lXG1UCdw==",
      "peer": true
    },
    "node_modules/cookie": {
      "version": "0.5.0",
      "resolved": "https://registry.npmjs.org/cookie/-/cookie-0.5.0.tgz",
      "integrity": "sha512-YZ3GUyn/o8gfKJlnlX7g7xq4gyO6OSuhGPKaaGssGB2qgDUS0gPgtTvoyZLTt9Ab6dC4hfc9dV5arkvc/OCmrw==",
      "peer": true,
      "engines": {
        "node": ">= 0.6"
      }
    },
    "node_modules/js-tokens": {
      "version": "4.0.0",
      "resolved": "https://registry.npmjs.org/js-tokens/-/js-tokens-4.0.0.tgz",
      "integrity": "sha512-RdJUflcE3cUzKiMqQgsCu06FPu9UdIJO0beYbPhHN4k6apgJtifcoCtT9bcxOpYBtpD2kCM6Sbzg4CausW/PKQ==",
      "peer": true
    },
    "node_modules/loose-envify": {
      "version": "1.4.0",
      "resolved": "https://registry.npmjs.org/loose-envify/-/loose-envify-1.4.0.tgz",
      "integrity": "sha512-lyuxPGr/Wfhrlem2CL/UcnUc1zcqKAImBDzukY7Y5F/yQiNdko6+fRLevlw1HgMySw7f611UIY408EtxRSoK3Q==",
      "peer": true,
      "dependencies": {
        "js-tokens": "^3.0.0 || ^4.0.0"
      },
      "bin": {
        "loose-envify": "cli.js"
      }
    },
    "node_modules/react": {
      "version": "18.2.0",
      "resolved": "https://registry.npmjs.org/react/-/react-18.2.0.tgz",
      "integrity": "sha512-/3IjMdb2L9QbBdWiW5e3P2/npwMBaU9mHCSCUzNln0ZCYbcfTsGbTJrU/kGemdH2IWmB2ioZ+zkxtmq6g09fGQ==",
      "peer": true,
      "dependencies": {
        "loose-envify": "^1.1.0"
      },
      "engines": {
        "node": ">=0.10.0"
      }
    },
    "node_modules/react-dom": {
      "version": "18.2.0",
      "resolved": "https://registry.npmjs.org/react-dom/-/react-dom-18.2.0.tgz",
      "integrity": "sha512-6IMTriUmvsjHUjNtEDudZfuDQUoWXVxKHhlEGSk81n4YFS+r/Kl99wXiwlVXtPBtJenozv2P+hxDsw9eA7Xo6g==",
      "peer": true,
      "dependencies": {
        "loose-envify": "^1.1.0",
        "scheduler": "^0.23.0"
      },
      "peerDependencies": {
        "react": "^18.2.0"
      }
    },
    "node_modules/react-router": {
      "version": "6.19.0",
      "resolved": "https://registry.npmjs.org/react-router/-/react-router-6.19.0.tgz",
      "integrity": "sha512-0W63PKCZ7+OuQd7Tm+RbkI8kCLmn4GPjDbX61tWljPxWgqTKlEpeQUwPkT1DRjYhF8KSihK0hQpmhU4uxVMcdw==",
      "peer": true,
      "dependencies": {
        "@remix-run/router": "1.12.0"
      },
      "engines": {
        "node": ">=14.0.0"
      },
      "peerDependencies": {
        "react": ">=16.8"
      }
    },
    "node_modules/react-router-dom": {
      "version": "6.19.0",
      "resolved": "https://registry.npmjs.org/react-router-dom/-/react-router-dom-6.19.0.tgz",
      "integrity": "sha512-N6dWlcgL2w0U5HZUUqU2wlmOrSb3ighJmtQ438SWbhB1yuLTXQ8yyTBMK3BSvVjp7gBtKurT554nCtMOgxCZmQ==",
      "peer": true,
      "dependencies": {
        "@remix-run/router": "1.12.0",
        "react-router": "6.19.0"
      },
      "engines": {
        "node": ">=14.0.0"
      },
      "peerDependencies": {
        "react": ">=16.8",
        "react-dom": ">=16.8"
      }
    },
    "node_modules/remix-auth": {
      "version": "3.6.0",
      "resolved": "https://registry.npmjs.org/remix-auth/-/remix-auth-3.6.0.tgz",
      "integrity": "sha512-mxlzLYi+/GKQSaXIqIw15dxAT1wm+93REAeDIft2unrKDYnjaGhhpapyPhdbALln86wt9lNAk21znfRss3fG7Q==",
      "dependencies": {
        "uuid": "^8.3.2"
      },
      "peerDependencies": {
        "@remix-run/react": "^1.0.0 || ^2.0.0",
        "@remix-run/server-runtime": "^1.0.0 || ^2.0.0"
      }
    },
    "node_modules/scheduler": {
      "version": "0.23.0",
      "resolved": "https://registry.npmjs.org/scheduler/-/scheduler-0.23.0.tgz",
      "integrity": "sha512-CtuThmgHNg7zIZWAXi3AsyIzA3n4xx7aNyjwC2VJldO2LMVDhFK+63xGqq6CsJH4rTAt6/M+N4GhZiDYPx9eUw==",
      "peer": true,
      "dependencies": {
        "loose-envify": "^1.1.0"
      }
    },
    "node_modules/set-cookie-parser": {
      "version": "2.6.0",
      "resolved": "https://registry.npmjs.org/set-cookie-parser/-/set-cookie-parser-2.6.0.tgz",
      "integrity": "sha512-RVnVQxTXuerk653XfuliOxBP81Sf0+qfQE73LIYKcyMYHG94AuH0kgrQpRDuTZnSmjpysHmzxJXKNfa6PjFhyQ==",
      "peer": true
    },
    "node_modules/source-map": {
      "version": "0.7.4",
      "resolved": "https://registry.npmjs.org/source-map/-/source-map-0.7.4.tgz",
      "integrity": "sha512-l3BikUxvPOcn5E74dZiq5BGsTb5yEwhaTSzccU6t4sDOH8NWJCstKO5QT2CvtFoK6F0saL7p9xHAqHOlCPJygA==",
      "peer": true,
      "engines": {
        "node": ">= 8"
      }
    },
    "node_modules/uuid": {
      "version": "8.3.2",
      "resolved": "https://registry.npmjs.org/uuid/-/uuid-8.3.2.tgz",
      "integrity": "sha512-+NYs2QeMWy+GWFOEm9xnn6HCDp0l7QBD7ml8zLUmJ+93Q5NF0NocErnwkTkXVFNiX3/fpC6afS8Dhb/gz7R7eg==",
      "bin": {
        "uuid": "dist/bin/uuid"
      }
    }
  }
}
